
Microsoft Visual Studio Solution File, Format Version 12.00
# Visual Studio Version 16
VisualStudioVersion = 16.0.30711.63
MinimumVisualStudioVersion = 10.0.40219.1
Project("{9A19103F-16F7-4668-BE54-9A1E7A4F7556}") = "UglyNumbers", "UglyNumbers\UglyNumbers.csproj", "{8AFCFDBD-218E-4DE5-8445-647FB4C4758C}"
EndProject
Project("{9A19103F-16F7-4668-BE54-9A1E7A4F7556}") = "CatalanNumbers", "CatalanNumbers\CatalanNumbers.csproj", "{906C14D4-B501-4BBE-BFD1-BDA639FB1F8E}"
EndProject
Project("{9A19103F-16F7-4668-BE54-9A1E7A4F7556}") = "FibonacciNumbers", "FibonacciNumbers\FibonacciNumbers.csproj", "{09C42D66-8B18-43C4-8E18-BC8D7CB6D955}"
EndProject
Project("{9A19103F-16F7-4668-BE54-9A1E7A4F7556}") = "LongestCommonSubsequence", "LongestCommonSubsequence\LongestCommonSubsequence.csproj", "{2B3912E2-99DC-4433-9805-5194058F4FFA}"
EndProject
Project("{9A19103F-16F7-4668-BE54-9A1E7A4F7556}") = "BellNumbers", "BellNumbers\BellNumbers.csproj", "{0D94A514-523E-412A-8751-363B2291F635}"
EndProject
Project("{9A19103F-16F7-4668-BE54-9A1E7A4F7556}") = "LongestIncreasingSubsequence", "LongestIncreasingSubsequence\LongestIncreasingSubsequence.csproj", "{F7D4DA72-E582-4D4E-ACFC-239777BC7332}"
EndProject
Project("{9A19103F-16F7-4668-BE54-9A1E7A4F7556}") = "LongestIncreasingSequence.UTest", "LongestIncreasingSequence.UTest\LongestIncreasingSequence.UTest.csproj", "{84363FEB-A997-4114-A918-7DFC63EF931A}"
EndProject
Project("{FAE04EC0-301F-11D3-BF4B-00C04F79EFBC}") = "EditDistance", "EditDistance\EditDistance.csproj", "{DDDEC228-F6E1-4687-8177-94335F54D484}"
EndProject
Global
	GlobalSection(SolutionConfigurationPlatforms) = preSolution
		Debug|Any CPU = Debug|Any CPU
		Release|Any CPU = Release|Any CPU
	EndGlobalSection
	GlobalSection(ProjectConfigurationPlatforms) = postSolution
		{8AFCFDBD-218E-4DE5-8445-647FB4C4758C}.Debug|Any CPU.ActiveCfg = Debug|Any CPU
		{8AFCFDBD-218E-4DE5-8445-647FB4C4758C}.Debug|Any CPU.Build.0 = Debug|Any CPU
		{8AFCFDBD-218E-4DE5-8445-647FB4C4758C}.Release|Any CPU.ActiveCfg = Release|Any CPU
		{8AFCFDBD-218E-4DE5-8445-647FB4C4758C}.Release|Any CPU.Build.0 = Release|Any CPU
		{906C14D4-B501-4BBE-BFD1-BDA639FB1F8E}.Debug|Any CPU.ActiveCfg = Debug|Any CPU
		{906C14D4-B501-4BBE-BFD1-BDA639FB1F8E}.Debug|Any CPU.Build.0 = Debug|Any CPU
		{906C14D4-B501-4BBE-BFD1-BDA639FB1F8E}.Release|Any CPU.ActiveCfg = Release|Any CPU
		{906C14D4-B501-4BBE-BFD1-BDA639FB1F8E}.Release|Any CPU.Build.0 = Release|Any CPU
		{09C42D66-8B18-43C4-8E18-BC8D7CB6D955}.Debug|Any CPU.ActiveCfg = Debug|Any CPU
		{09C42D66-8B18-43C4-8E18-BC8D7CB6D955}.Debug|Any CPU.Build.0 = Debug|Any CPU
		{09C42D66-8B18-43C4-8E18-BC8D7CB6D955}.Release|Any CPU.ActiveCfg = Release|Any CPU
		{09C42D66-8B18-43C4-8E18-BC8D7CB6D955}.Release|Any CPU.Build.0 = Release|Any CPU
		{2B3912E2-99DC-4433-9805-5194058F4FFA}.Debug|Any CPU.ActiveCfg = Debug|Any CPU
		{2B3912E2-99DC-4433-9805-5194058F4FFA}.Debug|Any CPU.Build.0 = Debug|Any CPU
		{2B3912E2-99DC-4433-9805-5194058F4FFA}.Release|Any CPU.ActiveCfg = Release|Any CPU
		{2B3912E2-99DC-4433-9805-5194058F4FFA}.Release|Any CPU.Build.0 = Release|Any CPU
		{0D94A514-523E-412A-8751-363B2291F635}.Debug|Any CPU.ActiveCfg = Debug|Any CPU
		{0D94A514-523E-412A-8751-363B2291F635}.Debug|Any CPU.Build.0 = Debug|Any CPU
		{0D94A514-523E-412A-8751-363B2291F635}.Release|Any CPU.ActiveCfg = Release|Any CPU
		{0D94A514-523E-412A-8751-363B2291F635}.Release|Any CPU.Build.0 = Release|Any CPU
		{F7D4DA72-E582-4D4E-ACFC-239777BC7332}.Debug|Any CPU.ActiveCfg = Debug|Any CPU
		{F7D4DA72-E582-4D4E-ACFC-239777BC7332}.Debug|Any CPU.Build.0 = Debug|Any CPU
		{F7D4DA72-E582-4D4E-ACFC-239777BC7332}.Release|Any CPU.ActiveCfg = Release|Any CPU
		{F7D4DA72-E582-4D4E-ACFC-239777BC7332}.Release|Any CPU.Build.0 = Release|Any CPU
		{84363FEB-A997-4114-A918-7DFC63EF931A}.Debug|Any CPU.ActiveCfg = Debug|Any CPU
		{84363FEB-A997-4114-A918-7DFC63EF931A}.Debug|Any CPU.Build.0 = Debug|Any CPU
		{84363FEB-A997-4114-A918-7DFC63EF931A}.Release|Any CPU.ActiveCfg = Release|Any CPU
		{84363FEB-A997-4114-A918-7DFC63EF931A}.Release|Any CPU.Build.0 = Release|Any CPU
		{DDDEC228-F6E1-4687-8177-94335F54D484}.Debug|Any CPU.ActiveCfg = Debug|Any CPU
		{DDDEC228-F6E1-4687-8177-94335F54D484}.Debug|Any CPU.Build.0 = Debug|Any CPU
		{DDDEC228-F6E1-4687-8177-94335F54D484}.Release|Any CPU.ActiveCfg = Release|Any CPU
		{DDDEC228-F6E1-4687-8177-94335F54D484}.Release|Any CPU.Build.0 = Release|Any CPU
	EndGlobalSection
	GlobalSection(SolutionProperties) = preSolution
		HideSolutionNode = FALSE
	EndGlobalSection
	GlobalSection(ExtensibilityGlobals) = postSolution
		SolutionGuid = {DF76A7B7-271A-4B86-934D-C4D506A75BA2}
	EndGlobalSection
EndGlobal
